
Microsoft Visual Studio Solution File, Format Version 12.00
# Visual Studio Version 16
VisualStudioVersion = 16.0.31515.178
MinimumVisualStudioVersion = 10.0.40219.1
Project("{9A19103F-16F7-4668-BE54-9A1E7A4F7556}") = "Fiap.Aula01.Exemplos", "Fiap.Aula01.Exemplos\Fiap.Aula01.Exemplos.csproj", "{7DA2FF86-095F-435B-A837-2293E99FA27D}"
EndProject
Project("{9A19103F-16F7-4668-BE54-9A1E7A4F7556}") = "Fiap.Aula01.Exemplo2", "Fiap.Aula01.Exemplo2\Fiap.Aula01.Exemplo2.csproj", "{8947A3D2-3255-46EE-AF3C-CC3496696A8C}"
EndProject
Project("{FAE04EC0-301F-11D3-BF4B-00C04F79EFBC}") = "FintechRevisao", "FintechRevisao\FintechRevisao.csproj", "{28F235F3-B212-4760-B722-5DDD5DC426C4}"
EndProject
Global
	GlobalSection(SolutionConfigurationPlatforms) = preSolution
		Debug|Any CPU = Debug|Any CPU
		Release|Any CPU = Release|Any CPU
	EndGlobalSection
	GlobalSection(ProjectConfigurationPlatforms) = postSolution
		{7DA2FF86-095F-435B-A837-2293E99FA27D}.Debug|Any CPU.ActiveCfg = Debug|Any CPU
		{7DA2FF86-095F-435B-A837-2293E99FA27D}.Debug|Any CPU.Build.0 = Debug|Any CPU
		{7DA2FF86-095F-435B-A837-2293E99FA27D}.Release|Any CPU.ActiveCfg = Release|Any CPU
		{7DA2FF86-095F-435B-A837-2293E99FA27D}.Release|Any CPU.Build.0 = Release|Any CPU
		{8947A3D2-3255-46EE-AF3C-CC3496696A8C}.Debug|Any CPU.ActiveCfg = Debug|Any CPU
		{8947A3D2-3255-46EE-AF3C-CC3496696A8C}.Debug|Any CPU.Build.0 = Debug|Any CPU
		{8947A3D2-3255-46EE-AF3C-CC3496696A8C}.Release|Any CPU.ActiveCfg = Release|Any CPU
		{8947A3D2-3255-46EE-AF3C-CC3496696A8C}.Release|Any CPU.Build.0 = Release|Any CPU
		{28F235F3-B212-4760-B722-5DDD5DC426C4}.Debug|Any CPU.ActiveCfg = Debug|Any CPU
		{28F235F3-B212-4760-B722-5DDD5DC426C4}.Debug|Any CPU.Build.0 = Debug|Any CPU
		{28F235F3-B212-4760-B722-5DDD5DC426C4}.Release|Any CPU.ActiveCfg = Release|Any CPU
		{28F235F3-B212-4760-B722-5DDD5DC426C4}.Release|Any CPU.Build.0 = Release|Any CPU
	EndGlobalSection
	GlobalSection(SolutionProperties) = preSolution
		HideSolutionNode = FALSE
	EndGlobalSection
	GlobalSection(ExtensibilityGlobals) = postSolution
		SolutionGuid = {63772D00-B42F-4A1D-B097-91C0BE7EEAC1}
	EndGlobalSection
EndGlobal
